
Microsoft Visual Studio Solution File, Format Version 12.00
# Visual Studio Version 16
VisualStudioVersion = 16.0.29215.179
MinimumVisualStudioVersion = 10.0.40219.1
Project("{FAE04EC0-301F-11D3-BF4B-00C04F79EFBC}") = "Assignement_1", "Assignement_1\Assignement_1.csproj", "{142DC8F5-CFBA-49BA-8D04-76B5B3F3C928}"
EndProject
Global
	GlobalSection(SolutionConfigurationPlatforms) = preSolution
		Debug|Any CPU = Debug|Any CPU
		Release|Any CPU = Release|Any CPU
	EndGlobalSection
	GlobalSection(ProjectConfigurationPlatforms) = postSolution
		{142DC8F5-CFBA-49BA-8D04-76B5B3F3C928}.Debug|Any CPU.ActiveCfg = Debug|Any CPU
		{142DC8F5-CFBA-49BA-8D04-76B5B3F3C928}.Debug|Any CPU.Build.0 = Debug|Any CPU
		{142DC8F5-CFBA-49BA-8D04-76B5B3F3C928}.Release|Any CPU.ActiveCfg = Release|Any CPU
		{142DC8F5-CFBA-49BA-8D04-76B5B3F3C928}.Release|Any CPU.Build.0 = Release|Any CPU
	EndGlobalSection
	GlobalSection(SolutionProperties) = preSolution
		HideSolutionNode = FALSE
	EndGlobalSection
	GlobalSection(ExtensibilityGlobals) = postSolution
		SolutionGuid = {25AA9AC3-BDD2-4C12-BFA0-76A0A0F2C856}
	EndGlobalSection
EndGlobal
